<?xml version="1.0" encoding="utf-8"?>
<Project ToolsVersion="4.0" xmlns="http://schemas.microsoft.com/developer/msbuild/2003">
  <ItemGroup>
    <Filter Include="Source Files">
      <UniqueIdentifier>{4FC737F1-C7A5-4376-A066-2A32D752A2FF}</UniqueIdentifier>
      <Extensions>cpp;c;cc;cxx;def;odl;idl;hpj;bat;asm;asmx</Extensions>
    </Filter>
    <Filter Include="Header Files">
      <UniqueIdentifier>{93995380-89BD-4b04-88EB-625FBE52EBFB}</UniqueIdentifier>
      <Extensions>h;hh;hpp;hxx;hm;inl;inc;xsd</Extensions>
    </Filter>
    <Filter Include="Resource Files">
      <UniqueIdentifier>{67DA6AB6-F800-4c08-8B7A-83BB121AAD01}</UniqueIdentifier>
      <Extensions>rc;ico;cur;bmp;dlg;rc2;rct;bin;rgs;gif;jpg;jpeg;jpe;resx;tiff;tif;png;wav;mfcribbon-ms</Extensions>
    </Filter>
    <Filter Include="Source Files\tmxloader">
      <UniqueIdentifier>{69dd9ff3-456b-49d8-ac99-fc50ec8d96bd}</UniqueIdentifier>
    </Filter>
    <Filter Include="Header Files\Game">
      <UniqueIdentifier>{fe3b715b-b9ee-4bd1-b6c2-1eb2c3264348}</UniqueIdentifier>
    </Filter>
    <Filter Include="Source Files\Game">
      <UniqueIdentifier>{5bba2c2a-dd3d-49a3-be53-c6d4095d6726}</UniqueIdentifier>
    </Filter>
    <Filter Include="Header Files\Menu">
      <UniqueIdentifier>{eea38995-2f99-49c8-b84c-32d3d99081ad}</UniqueIdentifier>
    </Filter>
    <Filter Include="Source Files\Menu">
      <UniqueIdentifier>{3cce3eb7-e2d5-4702-a228-81a2995d3e9b}</UniqueIdentifier>
    </Filter>
    <Filter Include="Header Files\Network">
      <UniqueIdentifier>{442e45b9-d365-4f4b-a7cb-c9a728a1c665}</UniqueIdentifier>
    </Filter>
    <Filter Include="Source Files\Network">
      <UniqueIdentifier>{7de90608-d59c-4f2b-9e0f-31accf58538e}</UniqueIdentifier>
    </Filter>
  </ItemGroup>
  <ItemGroup>
    <ClCompile Include="..\..\src\main.cpp">
      <Filter>Source Files</Filter>
    </ClCompile>
    <ClCompile Include="..\..\src\ResourcePathWindows.cpp">
      <Filter>Source Files</Filter>
    </ClCompile>
    <ClCompile Include="..\..\src\tmx\DebugShape.cpp">
      <Filter>Source Files\tmxloader</Filter>
    </ClCompile>
    <ClCompile Include="..\..\src\tmx\MapLayer.cpp">
      <Filter>Source Files\tmxloader</Filter>
    </ClCompile>
    <ClCompile Include="..\..\src\tmx\MapLoaderPublic.cpp">
      <Filter>Source Files\tmxloader</Filter>
    </ClCompile>
    <ClCompile Include="..\..\src\tmx\MapObject.cpp">
      <Filter>Source Files\tmxloader</Filter>
    </ClCompile>
    <ClCompile Include="..\..\src\tmx\QuadTreeNode.cpp">
      <Filter>Source Files\tmxloader</Filter>
    </ClCompile>
    <ClCompile Include="..\..\src\Configuration.cpp">
      <Filter>Source Files</Filter>
    </ClCompile>
    <ClCompile Include="..\..\src\Game.cpp">
      <Filter>Source Files</Filter>
    </ClCompile>
    <ClCompile Include="..\..\src\tmx\pugixml\pugixml.cpp">
      <Filter>Source Files\tmxloader</Filter>
    </ClCompile>
    <ClCompile Include="..\..\src\tmx\MapLoaderPrivate.cpp">
      <Filter>Source Files\tmxloader</Filter>
    </ClCompile>
    <ClCompile Include="..\..\src\Team.cpp">
      <Filter>Source Files\Game</Filter>
    </ClCompile>
    <ClCompile Include="..\..\src\PreMenu.cpp">
      <Filter>Source Files</Filter>
    </ClCompile>
    <ClCompile Include="..\..\src\Cursor.cpp">
      <Filter>Source Files</Filter>
    </ClCompile>
    <ClCompile Include="..\..\src\Menu.cpp">
      <Filter>Source Files\Menu</Filter>
    </ClCompile>
    <ClCompile Include="..\..\src\Connection.cpp">
      <Filter>Source Files\Network</Filter>
    </ClCompile>
  </ItemGroup>
  <ItemGroup>
    <ClInclude Include="..\..\src\ResourcePath.h">
      <Filter>Header Files</Filter>
    </ClInclude>
    <ClInclude Include="..\..\src\Configuration.h">
      <Filter>Header Files</Filter>
    </ClInclude>
    <ClInclude Include="..\..\src\Game.h">
      <Filter>Header Files</Filter>
    </ClInclude>
    <ClInclude Include="..\..\src\ResourceManager.h">
      <Filter>Header Files</Filter>
    </ClInclude>
    <ClInclude Include="..\..\src\Character.h">
      <Filter>Header Files\Game</Filter>
    </ClInclude>
    <ClInclude Include="..\..\src\Status.h">
      <Filter>Header Files\Game</Filter>
    </ClInclude>
    <ClInclude Include="..\..\src\Skill.h">
      <Filter>Header Files\Game</Filter>
    </ClInclude>
    <ClInclude Include="..\..\src\Team.h">
      <Filter>Header Files\Game</Filter>
    </ClInclude>
    <ClInclude Include="..\..\src\Item.h">
      <Filter>Header Files\Game</Filter>
    </ClInclude>
    <ClInclude Include="..\..\src\PreMenu.h">
      <Filter>Header Files</Filter>
    </ClInclude>
    <ClInclude Include="..\..\src\Cursor.h">
      <Filter>Header Files</Filter>
    </ClInclude>
    <ClInclude Include="..\..\src\Menu.h">
      <Filter>Header Files\Menu</Filter>
    </ClInclude>
    <ClInclude Include="..\..\src\Connection.h">
      <Filter>Header Files\Network</Filter>
    </ClInclude>
  </ItemGroup>
  <ItemGroup>
    <None Include="..\..\src\ResourcePathMac.mm">
      <Filter>Header Files</Filter>
    </None>
  </ItemGroup>
</Project>