<?xml version="1.0" encoding="utf-8"?>
<Project ToolsVersion="4.0" xmlns="http://schemas.microsoft.com/developer/msbuild/2003">
  <ItemGroup>
    <Filter Include="Source Files">
      <UniqueIdentifier>{4FC737F1-C7A5-4376-A066-2A32D752A2FF}</UniqueIdentifier>
      <Extensions>cpp;c;cc;cxx;def;odl;idl;hpj;bat;asm;asmx</Extensions>
    </Filter>
    <Filter Include="Header Files">
      <UniqueIdentifier>{93995380-89BD-4b04-88EB-625FBE52EBFB}</UniqueIdentifier>
      <Extensions>h;hh;hpp;hxx;hm;inl;inc;xsd</Extensions>
    </Filter>
    <Filter Include="Resource Files">
      <UniqueIdentifier>{67DA6AB6-F800-4c08-8B7A-83BB121AAD01}</UniqueIdentifier>
      <Extensions>rc;ico;cur;bmp;dlg;rc2;rct;bin;rgs;gif;jpg;jpeg;jpe;resx;tiff;tif;png;wav;mfcribbon-ms</Extensions>
    </Filter>
    <Filter Include="Source Files\tmxloader">
      <UniqueIdentifier>{ccbf2dc5-1263-40f1-a985-d501b178b838}</UniqueIdentifier>
    </Filter>
    <Filter Include="Header Files\Interface">
      <UniqueIdentifier>{3fb01b83-10aa-4048-bc70-4cb1c1d7cc16}</UniqueIdentifier>
    </Filter>
    <Filter Include="Source Files\Interface">
      <UniqueIdentifier>{bddc00e8-3bbe-4d20-8eb5-1be5de46bef4}</UniqueIdentifier>
    </Filter>
  </ItemGroup>
  <ItemGroup>
    <ClCompile Include="..\..\src\main.cpp">
      <Filter>Source Files</Filter>
    </ClCompile>
    <ClCompile Include="..\..\src\ResourcePathWindows.cpp">
      <Filter>Source Files</Filter>
    </ClCompile>
    <ClCompile Include="..\..\src\tmx\DebugShape.cpp">
      <Filter>Source Files\tmxloader</Filter>
    </ClCompile>
    <ClCompile Include="..\..\src\tmx\MapLayer.cpp">
      <Filter>Source Files\tmxloader</Filter>
    </ClCompile>
    <ClCompile Include="..\..\src\tmx\MapLoaderPrivate.cpp">
      <Filter>Source Files\tmxloader</Filter>
    </ClCompile>
    <ClCompile Include="..\..\src\tmx\MapLoaderPublic.cpp">
      <Filter>Source Files\tmxloader</Filter>
    </ClCompile>
    <ClCompile Include="..\..\src\tmx\MapObject.cpp">
      <Filter>Source Files\tmxloader</Filter>
    </ClCompile>
    <ClCompile Include="..\..\src\tmx\pugixml\pugixml.cpp">
      <Filter>Source Files\tmxloader</Filter>
    </ClCompile>
    <ClCompile Include="..\..\src\tmx\QuadTreeNode.cpp">
      <Filter>Source Files\tmxloader</Filter>
    </ClCompile>
    <ClCompile Include="..\..\src\Interface\AnimationObject.cpp">
      <Filter>Source Files\Interface</Filter>
    </ClCompile>
    <ClCompile Include="..\..\src\Interface\Bound.cpp">
      <Filter>Source Files\Interface</Filter>
    </ClCompile>
    <ClCompile Include="..\..\src\Interface\DragBound.cpp">
      <Filter>Source Files\Interface</Filter>
    </ClCompile>
    <ClCompile Include="..\..\src\Interface\Button.cpp">
      <Filter>Source Files\Interface</Filter>
    </ClCompile>
    <ClCompile Include="..\..\src\Interface\Bar.cpp">
      <Filter>Source Files\Interface</Filter>
    </ClCompile>
  </ItemGroup>
  <ItemGroup>
    <ClInclude Include="..\..\src\ResourcePath.h">
      <Filter>Header Files</Filter>
    </ClInclude>
    <ClInclude Include="..\..\src\Interface\AnimationObject.h">
      <Filter>Header Files\Interface</Filter>
    </ClInclude>
    <ClInclude Include="..\..\src\Interface\Bound.h">
      <Filter>Header Files\Interface</Filter>
    </ClInclude>
    <ClInclude Include="..\..\src\Interface\DragBound.h">
      <Filter>Header Files\Interface</Filter>
    </ClInclude>
    <ClInclude Include="..\..\src\Interface\InterfaceEvent.h">
      <Filter>Header Files\Interface</Filter>
    </ClInclude>
    <ClInclude Include="..\..\src\Interface.h">
      <Filter>Header Files</Filter>
    </ClInclude>
    <ClInclude Include="..\..\src\Interface\Button.h">
      <Filter>Header Files\Interface</Filter>
    </ClInclude>
    <ClInclude Include="..\..\src\Interface\Bar.h">
      <Filter>Header Files\Interface</Filter>
    </ClInclude>
  </ItemGroup>
</Project>