// !$*UTF8*$!
{
	archiveVersion = 1;
	classes = {
	};
	objectVersion = 46;
	objects = {

/* Begin PBXBuildFile section */
		5F35EB571BC84F4300FCF070 /* ResourcePathMac.mm in Sources */ = {isa = PBXBuildFile; fileRef = 5F35EB561BC84F4300FCF070 /* ResourcePathMac.mm */; };
		5F35EB651BC84F5D00FCF070 /* FLAC.framework in Frameworks */ = {isa = PBXBuildFile; fileRef = 5F35EB581BC84F5D00FCF070 /* FLAC.framework */; };
		5F35EB661BC84F5D00FCF070 /* FLAC.framework in Embed Frameworks */ = {isa = PBXBuildFile; fileRef = 5F35EB581BC84F5D00FCF070 /* FLAC.framework */; settings = {ATTRIBUTES = (CodeSignOnCopy, RemoveHeadersOnCopy, ); }; };
		5F35EB671BC84F5D00FCF070 /* freetype.framework in Frameworks */ = {isa = PBXBuildFile; fileRef = 5F35EB591BC84F5D00FCF070 /* freetype.framework */; };
		5F35EB681BC84F5D00FCF070 /* freetype.framework in Embed Frameworks */ = {isa = PBXBuildFile; fileRef = 5F35EB591BC84F5D00FCF070 /* freetype.framework */; settings = {ATTRIBUTES = (CodeSignOnCopy, RemoveHeadersOnCopy, ); }; };
		5F35EB691BC84F5D00FCF070 /* ogg.framework in Frameworks */ = {isa = PBXBuildFile; fileRef = 5F35EB5A1BC84F5D00FCF070 /* ogg.framework */; };
		5F35EB6A1BC84F5D00FCF070 /* ogg.framework in Embed Frameworks */ = {isa = PBXBuildFile; fileRef = 5F35EB5A1BC84F5D00FCF070 /* ogg.framework */; settings = {ATTRIBUTES = (CodeSignOnCopy, RemoveHeadersOnCopy, ); }; };
		5F35EB6B1BC84F5D00FCF070 /* OpenAL.framework in Frameworks */ = {isa = PBXBuildFile; fileRef = 5F35EB5B1BC84F5D00FCF070 /* OpenAL.framework */; };
		5F35EB6C1BC84F5D00FCF070 /* OpenAL.framework in Embed Frameworks */ = {isa = PBXBuildFile; fileRef = 5F35EB5B1BC84F5D00FCF070 /* OpenAL.framework */; settings = {ATTRIBUTES = (CodeSignOnCopy, RemoveHeadersOnCopy, ); }; };
		5F35EB6D1BC84F5D00FCF070 /* sfml-audio.framework in Frameworks */ = {isa = PBXBuildFile; fileRef = 5F35EB5C1BC84F5D00FCF070 /* sfml-audio.framework */; };
		5F35EB6E1BC84F5D00FCF070 /* sfml-audio.framework in Embed Frameworks */ = {isa = PBXBuildFile; fileRef = 5F35EB5C1BC84F5D00FCF070 /* sfml-audio.framework */; settings = {ATTRIBUTES = (CodeSignOnCopy, RemoveHeadersOnCopy, ); }; };
		5F35EB6F1BC84F5D00FCF070 /* sfml-graphics.framework in Frameworks */ = {isa = PBXBuildFile; fileRef = 5F35EB5D1BC84F5D00FCF070 /* sfml-graphics.framework */; };
		5F35EB701BC84F5D00FCF070 /* sfml-graphics.framework in Embed Frameworks */ = {isa = PBXBuildFile; fileRef = 5F35EB5D1BC84F5D00FCF070 /* sfml-graphics.framework */; settings = {ATTRIBUTES = (CodeSignOnCopy, RemoveHeadersOnCopy, ); }; };
		5F35EB711BC84F5D00FCF070 /* sfml-network.framework in Frameworks */ = {isa = PBXBuildFile; fileRef = 5F35EB5E1BC84F5D00FCF070 /* sfml-network.framework */; };
		5F35EB721BC84F5D00FCF070 /* sfml-network.framework in Embed Frameworks */ = {isa = PBXBuildFile; fileRef = 5F35EB5E1BC84F5D00FCF070 /* sfml-network.framework */; settings = {ATTRIBUTES = (CodeSignOnCopy, RemoveHeadersOnCopy, ); }; };
		5F35EB731BC84F5D00FCF070 /* sfml-system.framework in Frameworks */ = {isa = PBXBuildFile; fileRef = 5F35EB5F1BC84F5D00FCF070 /* sfml-system.framework */; };
		5F35EB741BC84F5D00FCF070 /* sfml-system.framework in Embed Frameworks */ = {isa = PBXBuildFile; fileRef = 5F35EB5F1BC84F5D00FCF070 /* sfml-system.framework */; settings = {ATTRIBUTES = (CodeSignOnCopy, RemoveHeadersOnCopy, ); }; };
		5F35EB751BC84F5D00FCF070 /* sfml-window.framework in Frameworks */ = {isa = PBXBuildFile; fileRef = 5F35EB601BC84F5D00FCF070 /* sfml-window.framework */; };
		5F35EB761BC84F5D00FCF070 /* sfml-window.framework in Embed Frameworks */ = {isa = PBXBuildFile; fileRef = 5F35EB601BC84F5D00FCF070 /* sfml-window.framework */; settings = {ATTRIBUTES = (CodeSignOnCopy, RemoveHeadersOnCopy, ); }; };
		5F35EB771BC84F5D00FCF070 /* SFML.framework in Frameworks */ = {isa = PBXBuildFile; fileRef = 5F35EB611BC84F5D00FCF070 /* SFML.framework */; };
		5F35EB781BC84F5D00FCF070 /* SFML.framework in Embed Frameworks */ = {isa = PBXBuildFile; fileRef = 5F35EB611BC84F5D00FCF070 /* SFML.framework */; settings = {ATTRIBUTES = (CodeSignOnCopy, RemoveHeadersOnCopy, ); }; };
		5F35EB791BC84F5D00FCF070 /* vorbis.framework in Frameworks */ = {isa = PBXBuildFile; fileRef = 5F35EB621BC84F5D00FCF070 /* vorbis.framework */; };
		5F35EB7A1BC84F5D00FCF070 /* vorbis.framework in Embed Frameworks */ = {isa = PBXBuildFile; fileRef = 5F35EB621BC84F5D00FCF070 /* vorbis.framework */; settings = {ATTRIBUTES = (CodeSignOnCopy, RemoveHeadersOnCopy, ); }; };
		5F35EB7B1BC84F5D00FCF070 /* vorbisenc.framework in Frameworks */ = {isa = PBXBuildFile; fileRef = 5F35EB631BC84F5D00FCF070 /* vorbisenc.framework */; };
		5F35EB7C1BC84F5D00FCF070 /* vorbisenc.framework in Embed Frameworks */ = {isa = PBXBuildFile; fileRef = 5F35EB631BC84F5D00FCF070 /* vorbisenc.framework */; settings = {ATTRIBUTES = (CodeSignOnCopy, RemoveHeadersOnCopy, ); }; };
		5F35EB7D1BC84F5D00FCF070 /* vorbisfile.framework in Frameworks */ = {isa = PBXBuildFile; fileRef = 5F35EB641BC84F5D00FCF070 /* vorbisfile.framework */; };
		5F35EB7E1BC84F5D00FCF070 /* vorbisfile.framework in Embed Frameworks */ = {isa = PBXBuildFile; fileRef = 5F35EB641BC84F5D00FCF070 /* vorbisfile.framework */; settings = {ATTRIBUTES = (CodeSignOnCopy, RemoveHeadersOnCopy, ); }; };
		5F3A1B3C1BC8519100726EBF /* main.cpp in Sources */ = {isa = PBXBuildFile; fileRef = 5F35EB531BC84F3800FCF070 /* main.cpp */; };
		FA0497571C4A2F1F00AC7816 /* Texture in Resources */ = {isa = PBXBuildFile; fileRef = FA0497561C4A2F1F00AC7816 /* Texture */; };
		FA0497601C4A2F5800AC7816 /* DebugShape.cpp in Sources */ = {isa = PBXBuildFile; fileRef = FA04975A1C4A2F5800AC7816 /* DebugShape.cpp */; };
		FA0497611C4A2F5800AC7816 /* MapLayer.cpp in Sources */ = {isa = PBXBuildFile; fileRef = FA04975B1C4A2F5800AC7816 /* MapLayer.cpp */; };
		FA0497621C4A2F5800AC7816 /* MapLoaderPrivate.cpp in Sources */ = {isa = PBXBuildFile; fileRef = FA04975C1C4A2F5800AC7816 /* MapLoaderPrivate.cpp */; };
		FA0497631C4A2F5800AC7816 /* MapLoaderPublic.cpp in Sources */ = {isa = PBXBuildFile; fileRef = FA04975D1C4A2F5800AC7816 /* MapLoaderPublic.cpp */; };
		FA0497641C4A2F5800AC7816 /* MapObject.cpp in Sources */ = {isa = PBXBuildFile; fileRef = FA04975E1C4A2F5800AC7816 /* MapObject.cpp */; };
		FA0497651C4A2F5800AC7816 /* QuadTreeNode.cpp in Sources */ = {isa = PBXBuildFile; fileRef = FA04975F1C4A2F5800AC7816 /* QuadTreeNode.cpp */; };
		FA0497671C4A2F6500AC7816 /* pugixml.cpp in Sources */ = {isa = PBXBuildFile; fileRef = FA0497661C4A2F6500AC7816 /* pugixml.cpp */; };
		FA0497691C4A2F9000AC7816 /* libz.tbd in Frameworks */ = {isa = PBXBuildFile; fileRef = FA0497681C4A2F9000AC7816 /* libz.tbd */; };
		FA04976B1C4A309500AC7816 /* maps in Resources */ = {isa = PBXBuildFile; fileRef = FA04976A1C4A309400AC7816 /* maps */; };
		FA12851C1CC599510066AF05 /* Connection.cpp in Sources */ = {isa = PBXBuildFile; fileRef = FA1285181CC599510066AF05 /* Connection.cpp */; };
		FA12851D1CC599510066AF05 /* Lobby.cpp in Sources */ = {isa = PBXBuildFile; fileRef = FA12851A1CC599510066AF05 /* Lobby.cpp */; };
		FA1285231CC78DC70066AF05 /* StartInfo.cpp in Sources */ = {isa = PBXBuildFile; fileRef = FA1285211CC78DC70066AF05 /* StartInfo.cpp */; };
		FA4F4FD51C80FF15007C2936 /* Configuration.cpp in Sources */ = {isa = PBXBuildFile; fileRef = FA4F4FD11C80FF15007C2936 /* Configuration.cpp */; };
		FA4F4FD61C80FF15007C2936 /* Game.cpp in Sources */ = {isa = PBXBuildFile; fileRef = FA4F4FD31C80FF15007C2936 /* Game.cpp */; };
		FA84AE771CE13F3400B2ADE7 /* Music in Resources */ = {isa = PBXBuildFile; fileRef = FA84AE731CE13F3400B2ADE7 /* Music */; };
		FA84AE781CE13F3400B2ADE7 /* sounds in Resources */ = {isa = PBXBuildFile; fileRef = FA84AE741CE13F3400B2ADE7 /* sounds */; };
		FA84AE791CE13F3400B2ADE7 /* Texture in Resources */ = {isa = PBXBuildFile; fileRef = FA84AE751CE13F3400B2ADE7 /* Texture */; };
		FA84AE7B1CE1412800B2ADE7 /* maps in Resources */ = {isa = PBXBuildFile; fileRef = FA84AE7A1CE1412800B2ADE7 /* maps */; };
		FAB8D9641CEB131A004466BA /* ClientSystem.cpp in Sources */ = {isa = PBXBuildFile; fileRef = FAB8D9601CEB131A004466BA /* ClientSystem.cpp */; };
		FAB8D9651CEB131A004466BA /* ServerSystem.cpp in Sources */ = {isa = PBXBuildFile; fileRef = FAB8D9621CEB131A004466BA /* ServerSystem.cpp */; };
		FACCE2151CD2B98F00327C9F /* InGame.cpp in Sources */ = {isa = PBXBuildFile; fileRef = FACCE2131CD2B98F00327C9F /* InGame.cpp */; };
		FACCE2501CD4866100327C9F /* GameSystem.cpp in Sources */ = {isa = PBXBuildFile; fileRef = FACCE24F1CD4866100327C9F /* GameSystem.cpp */; };
		FACCE2571CD4A8FC00327C9F /* GameNetwork.cpp in Sources */ = {isa = PBXBuildFile; fileRef = FACCE2561CD4A8FC00327C9F /* GameNetwork.cpp */; };
		FACCE25A1CD4A97300327C9F /* GameInterface.cpp in Sources */ = {isa = PBXBuildFile; fileRef = FACCE2591CD4A97300327C9F /* GameInterface.cpp */; };
		FACCE25D1CDAAA8A00327C9F /* Player.cpp in Sources */ = {isa = PBXBuildFile; fileRef = FACCE25B1CDAAA8A00327C9F /* Player.cpp */; };
		FACCE2601CDAAB8900327C9F /* Character.cpp in Sources */ = {isa = PBXBuildFile; fileRef = FACCE25E1CDAAB8900327C9F /* Character.cpp */; };
		FAFB1C001CBC51090012F144 /* Cursor.cpp in Sources */ = {isa = PBXBuildFile; fileRef = FAFB1BFA1CBC51090012F144 /* Cursor.cpp */; };
		FAFB1C011CBC51090012F144 /* Menu.cpp in Sources */ = {isa = PBXBuildFile; fileRef = FAFB1BFC1CBC51090012F144 /* Menu.cpp */; };
		FAFB1C021CBC51090012F144 /* PreMenu.cpp in Sources */ = {isa = PBXBuildFile; fileRef = FAFB1BFE1CBC51090012F144 /* PreMenu.cpp */; };
		FAFB1C041CBC5E440012F144 /* TGUI.framework in Frameworks */ = {isa = PBXBuildFile; fileRef = FAFB1C031CBC5E440012F144 /* TGUI.framework */; };
/* End PBXBuildFile section */

/* Begin PBXCopyFilesBuildPhase section */
		5F35EB7F1BC84F5D00FCF070 /* Embed Frameworks */ = {
			isa = PBXCopyFilesBuildPhase;
			buildActionMask = 2147483647;
			dstPath = "";
			dstSubfolderSpec = 10;
			files = (
				5F35EB681BC84F5D00FCF070 /* freetype.framework in Embed Frameworks */,
				5F35EB7E1BC84F5D00FCF070 /* vorbisfile.framework in Embed Frameworks */,
				5F35EB7A1BC84F5D00FCF070 /* vorbis.framework in Embed Frameworks */,
				5F35EB7C1BC84F5D00FCF070 /* vorbisenc.framework in Embed Frameworks */,
				5F35EB6E1BC84F5D00FCF070 /* sfml-audio.framework in Embed Frameworks */,
				5F35EB661BC84F5D00FCF070 /* FLAC.framework in Embed Frameworks */,
				5F35EB6A1BC84F5D00FCF070 /* ogg.framework in Embed Frameworks */,
				5F35EB6C1BC84F5D00FCF070 /* OpenAL.framework in Embed Frameworks */,
				5F35EB761BC84F5D00FCF070 /* sfml-window.framework in Embed Frameworks */,
				5F35EB741BC84F5D00FCF070 /* sfml-system.framework in Embed Frameworks */,
				5F35EB701BC84F5D00FCF070 /* sfml-graphics.framework in Embed Frameworks */,
				5F35EB781BC84F5D00FCF070 /* SFML.framework in Embed Frameworks */,
				5F35EB721BC84F5D00FCF070 /* sfml-network.framework in Embed Frameworks */,
			);
			name = "Embed Frameworks";
			runOnlyForDeploymentPostprocessing = 0;
		};
/* End PBXCopyFilesBuildPhase section */

/* Begin PBXFileReference section */
		5F35EB531BC84F3800FCF070 /* main.cpp */ = {isa = PBXFileReference; fileEncoding = 4; lastKnownFileType = sourcecode.cpp.cpp; name = main.cpp; path = ../src/main.cpp; sourceTree = SOURCE_ROOT; };
		5F35EB551BC84F4300FCF070 /* ResourcePath.h */ = {isa = PBXFileReference; fileEncoding = 4; lastKnownFileType = sourcecode.c.h; name = ResourcePath.h; path = ../src/ResourcePath.h; sourceTree = SOURCE_ROOT; };
		5F35EB561BC84F4300FCF070 /* ResourcePathMac.mm */ = {isa = PBXFileReference; fileEncoding = 4; lastKnownFileType = sourcecode.cpp.objcpp; name = ResourcePathMac.mm; path = ../src/ResourcePathMac.mm; sourceTree = SOURCE_ROOT; };
		5F35EB581BC84F5D00FCF070 /* FLAC.framework */ = {isa = PBXFileReference; lastKnownFileType = wrapper.framework; name = FLAC.framework; path = frameworks/FLAC.framework; sourceTree = "<group>"; };
		5F35EB591BC84F5D00FCF070 /* freetype.framework */ = {isa = PBXFileReference; lastKnownFileType = wrapper.framework; name = freetype.framework; path = frameworks/freetype.framework; sourceTree = "<group>"; };
		5F35EB5A1BC84F5D00FCF070 /* ogg.framework */ = {isa = PBXFileReference; lastKnownFileType = wrapper.framework; name = ogg.framework; path = frameworks/ogg.framework; sourceTree = "<group>"; };
		5F35EB5B1BC84F5D00FCF070 /* OpenAL.framework */ = {isa = PBXFileReference; lastKnownFileType = wrapper.framework; name = OpenAL.framework; path = frameworks/OpenAL.framework; sourceTree = "<group>"; };
		5F35EB5C1BC84F5D00FCF070 /* sfml-audio.framework */ = {isa = PBXFileReference; lastKnownFileType = wrapper.framework; name = "sfml-audio.framework"; path = "frameworks/sfml-audio.framework"; sourceTree = "<group>"; };
		5F35EB5D1BC84F5D00FCF070 /* sfml-graphics.framework */ = {isa = PBXFileReference; lastKnownFileType = wrapper.framework; name = "sfml-graphics.framework"; path = "frameworks/sfml-graphics.framework"; sourceTree = "<group>"; };
		5F35EB5E1BC84F5D00FCF070 /* sfml-network.framework */ = {isa = PBXFileReference; lastKnownFileType = wrapper.framework; name = "sfml-network.framework"; path = "frameworks/sfml-network.framework"; sourceTree = "<group>"; };
		5F35EB5F1BC84F5D00FCF070 /* sfml-system.framework */ = {isa = PBXFileReference; lastKnownFileType = wrapper.framework; name = "sfml-system.framework"; path = "frameworks/sfml-system.framework"; sourceTree = "<group>"; };
		5F35EB601BC84F5D00FCF070 /* sfml-window.framework */ = {isa = PBXFileReference; lastKnownFileType = wrapper.framework; name = "sfml-window.framework"; path = "frameworks/sfml-window.framework"; sourceTree = "<group>"; };
		5F35EB611BC84F5D00FCF070 /* SFML.framework */ = {isa = PBXFileReference; lastKnownFileType = wrapper.framework; name = SFML.framework; path = frameworks/SFML.framework; sourceTree = "<group>"; };
		5F35EB621BC84F5D00FCF070 /* vorbis.framework */ = {isa = PBXFileReference; lastKnownFileType = wrapper.framework; name = vorbis.framework; path = frameworks/vorbis.framework; sourceTree = "<group>"; };
		5F35EB631BC84F5D00FCF070 /* vorbisenc.framework */ = {isa = PBXFileReference; lastKnownFileType = wrapper.framework; name = vorbisenc.framework; path = frameworks/vorbisenc.framework; sourceTree = "<group>"; };
		5F35EB641BC84F5D00FCF070 /* vorbisfile.framework */ = {isa = PBXFileReference; lastKnownFileType = wrapper.framework; name = vorbisfile.framework; path = frameworks/vorbisfile.framework; sourceTree = "<group>"; };
		5FF4FE981BB33EE60079FC4C /* Game.app */ = {isa = PBXFileReference; explicitFileType = wrapper.application; includeInIndex = 0; path = Game.app; sourceTree = BUILT_PRODUCTS_DIR; };
		FA0497561C4A2F1F00AC7816 /* Texture */ = {isa = PBXFileReference; lastKnownFileType = folder; name = Texture; path = ../../Texture; sourceTree = "<group>"; };
		FA04975A1C4A2F5800AC7816 /* DebugShape.cpp */ = {isa = PBXFileReference; fileEncoding = 4; lastKnownFileType = sourcecode.cpp.cpp; name = DebugShape.cpp; path = ../src/tmx/DebugShape.cpp; sourceTree = "<group>"; };
		FA04975B1C4A2F5800AC7816 /* MapLayer.cpp */ = {isa = PBXFileReference; fileEncoding = 4; lastKnownFileType = sourcecode.cpp.cpp; name = MapLayer.cpp; path = ../src/tmx/MapLayer.cpp; sourceTree = "<group>"; };
		FA04975C1C4A2F5800AC7816 /* MapLoaderPrivate.cpp */ = {isa = PBXFileReference; fileEncoding = 4; lastKnownFileType = sourcecode.cpp.cpp; name = MapLoaderPrivate.cpp; path = ../src/tmx/MapLoaderPrivate.cpp; sourceTree = "<group>"; };
		FA04975D1C4A2F5800AC7816 /* MapLoaderPublic.cpp */ = {isa = PBXFileReference; fileEncoding = 4; lastKnownFileType = sourcecode.cpp.cpp; name = MapLoaderPublic.cpp; path = ../src/tmx/MapLoaderPublic.cpp; sourceTree = "<group>"; };
		FA04975E1C4A2F5800AC7816 /* MapObject.cpp */ = {isa = PBXFileReference; fileEncoding = 4; lastKnownFileType = sourcecode.cpp.cpp; name = MapObject.cpp; path = ../src/tmx/MapObject.cpp; sourceTree = "<group>"; };
		FA04975F1C4A2F5800AC7816 /* QuadTreeNode.cpp */ = {isa = PBXFileReference; fileEncoding = 4; lastKnownFileType = sourcecode.cpp.cpp; name = QuadTreeNode.cpp; path = ../src/tmx/QuadTreeNode.cpp; sourceTree = "<group>"; };
		FA0497661C4A2F6500AC7816 /* pugixml.cpp */ = {isa = PBXFileReference; fileEncoding = 4; lastKnownFileType = sourcecode.cpp.cpp; name = pugixml.cpp; path = ../src/tmx/pugixml/pugixml.cpp; sourceTree = "<group>"; };
		FA0497681C4A2F9000AC7816 /* libz.tbd */ = {isa = PBXFileReference; lastKnownFileType = "sourcecode.text-based-dylib-definition"; name = libz.tbd; path = usr/lib/libz.tbd; sourceTree = SDKROOT; };
		FA04976A1C4A309400AC7816 /* maps */ = {isa = PBXFileReference; lastKnownFileType = folder; name = maps; path = ../../maps; sourceTree = "<group>"; };
		FA1285181CC599510066AF05 /* Connection.cpp */ = {isa = PBXFileReference; fileEncoding = 4; lastKnownFileType = sourcecode.cpp.cpp; name = Connection.cpp; path = ../src/Connection.cpp; sourceTree = SOURCE_ROOT; };
		FA1285191CC599510066AF05 /* Connection.h */ = {isa = PBXFileReference; fileEncoding = 4; lastKnownFileType = sourcecode.c.h; name = Connection.h; path = ../src/Connection.h; sourceTree = SOURCE_ROOT; };
		FA12851A1CC599510066AF05 /* Lobby.cpp */ = {isa = PBXFileReference; fileEncoding = 4; lastKnownFileType = sourcecode.cpp.cpp; name = Lobby.cpp; path = ../src/Lobby.cpp; sourceTree = SOURCE_ROOT; };
		FA12851B1CC599510066AF05 /* Lobby.h */ = {isa = PBXFileReference; fileEncoding = 4; lastKnownFileType = sourcecode.c.h; name = Lobby.h; path = ../src/Lobby.h; sourceTree = "<group>"; };
		FA1285211CC78DC70066AF05 /* StartInfo.cpp */ = {isa = PBXFileReference; fileEncoding = 4; lastKnownFileType = sourcecode.cpp.cpp; name = StartInfo.cpp; path = ../src/StartInfo.cpp; sourceTree = SOURCE_ROOT; };
		FA1285221CC78DC70066AF05 /* StartInfo.h */ = {isa = PBXFileReference; fileEncoding = 4; lastKnownFileType = sourcecode.c.h; name = StartInfo.h; path = ../src/StartInfo.h; sourceTree = SOURCE_ROOT; };
		FA4F4FD11C80FF15007C2936 /* Configuration.cpp */ = {isa = PBXFileReference; fileEncoding = 4; lastKnownFileType = sourcecode.cpp.cpp; name = Configuration.cpp; path = ../src/Configuration.cpp; sourceTree = SOURCE_ROOT; };
		FA4F4FD21C80FF15007C2936 /* Configuration.h */ = {isa = PBXFileReference; fileEncoding = 4; lastKnownFileType = sourcecode.c.h; name = Configuration.h; path = ../src/Configuration.h; sourceTree = SOURCE_ROOT; };
		FA4F4FD31C80FF15007C2936 /* Game.cpp */ = {isa = PBXFileReference; fileEncoding = 4; lastKnownFileType = sourcecode.cpp.cpp; name = Game.cpp; path = ../src/Game.cpp; sourceTree = SOURCE_ROOT; };
		FA4F4FD41C80FF15007C2936 /* Game.h */ = {isa = PBXFileReference; fileEncoding = 4; lastKnownFileType = sourcecode.c.h; name = Game.h; path = ../src/Game.h; sourceTree = SOURCE_ROOT; };
		FA84AE731CE13F3400B2ADE7 /* Music */ = {isa = PBXFileReference; lastKnownFileType = folder; name = Music; path = ../Music; sourceTree = "<group>"; };
		FA84AE741CE13F3400B2ADE7 /* sounds */ = {isa = PBXFileReference; lastKnownFileType = folder; name = sounds; path = ../sounds; sourceTree = "<group>"; };
		FA84AE751CE13F3400B2ADE7 /* Texture */ = {isa = PBXFileReference; lastKnownFileType = folder; name = Texture; path = ../Texture; sourceTree = "<group>"; };
		FA84AE7A1CE1412800B2ADE7 /* maps */ = {isa = PBXFileReference; lastKnownFileType = folder; name = maps; path = ../maps; sourceTree = "<group>"; };
		FAAA79991C7E8BA300683E22 /* ResourceManager.h */ = {isa = PBXFileReference; lastKnownFileType = sourcecode.c.h; name = ResourceManager.h; path = ../src/ResourceManager.h; sourceTree = SOURCE_ROOT; };
		FAAB85021C56F6EF0028AF0B /* Interface.h */ = {isa = PBXFileReference; fileEncoding = 4; lastKnownFileType = sourcecode.c.h; name = Interface.h; path = ../src/Interface.h; sourceTree = SOURCE_ROOT; };
		FAB8D9601CEB131A004466BA /* ClientSystem.cpp */ = {isa = PBXFileReference; fileEncoding = 4; lastKnownFileType = sourcecode.cpp.cpp; name = ClientSystem.cpp; path = ../src/ClientSystem.cpp; sourceTree = SOURCE_ROOT; };
		FAB8D9611CEB131A004466BA /* ClientSystem.h */ = {isa = PBXFileReference; fileEncoding = 4; lastKnownFileType = sourcecode.c.h; name = ClientSystem.h; path = ../src/ClientSystem.h; sourceTree = SOURCE_ROOT; };
		FAB8D9621CEB131A004466BA /* ServerSystem.cpp */ = {isa = PBXFileReference; fileEncoding = 4; lastKnownFileType = sourcecode.cpp.cpp; name = ServerSystem.cpp; path = ../src/ServerSystem.cpp; sourceTree = SOURCE_ROOT; };
		FAB8D9631CEB131A004466BA /* ServerSystem.h */ = {isa = PBXFileReference; fileEncoding = 4; lastKnownFileType = sourcecode.c.h; name = ServerSystem.h; path = ../src/ServerSystem.h; sourceTree = SOURCE_ROOT; };
		FACCE2131CD2B98F00327C9F /* InGame.cpp */ = {isa = PBXFileReference; fileEncoding = 4; lastKnownFileType = sourcecode.cpp.cpp; name = InGame.cpp; path = ../src/InGame.cpp; sourceTree = SOURCE_ROOT; };
		FACCE2141CD2B98F00327C9F /* InGame.h */ = {isa = PBXFileReference; fileEncoding = 4; lastKnownFileType = sourcecode.c.h; name = InGame.h; path = ../src/InGame.h; sourceTree = SOURCE_ROOT; };
		FACCE24E1CD452EC00327C9F /* GameSystem.h */ = {isa = PBXFileReference; lastKnownFileType = sourcecode.c.h; name = GameSystem.h; path = ../src/GameSystem.h; sourceTree = SOURCE_ROOT; };
		FACCE24F1CD4866100327C9F /* GameSystem.cpp */ = {isa = PBXFileReference; fileEncoding = 4; lastKnownFileType = sourcecode.cpp.cpp; name = GameSystem.cpp; path = ../src/GameSystem.cpp; sourceTree = SOURCE_ROOT; };
		FACCE2551CD4A8A700327C9F /* GameNetwork.h */ = {isa = PBXFileReference; lastKnownFileType = sourcecode.c.h; name = GameNetwork.h; path = ../src/GameNetwork.h; sourceTree = SOURCE_ROOT; };
		FACCE2561CD4A8FC00327C9F /* GameNetwork.cpp */ = {isa = PBXFileReference; fileEncoding = 4; lastKnownFileType = sourcecode.cpp.cpp; name = GameNetwork.cpp; path = ../src/GameNetwork.cpp; sourceTree = SOURCE_ROOT; };
		FACCE2581CD4A94E00327C9F /* GameInterface.h */ = {isa = PBXFileReference; lastKnownFileType = sourcecode.c.h; name = GameInterface.h; path = ../src/GameInterface.h; sourceTree = SOURCE_ROOT; };
		FACCE2591CD4A97300327C9F /* GameInterface.cpp */ = {isa = PBXFileReference; fileEncoding = 4; lastKnownFileType = sourcecode.cpp.cpp; name = GameInterface.cpp; path = ../src/GameInterface.cpp; sourceTree = SOURCE_ROOT; };
		FACCE25B1CDAAA8A00327C9F /* Player.cpp */ = {isa = PBXFileReference; fileEncoding = 4; lastKnownFileType = sourcecode.cpp.cpp; name = Player.cpp; path = ../src/Player.cpp; sourceTree = SOURCE_ROOT; };
		FACCE25C1CDAAA8A00327C9F /* Player.h */ = {isa = PBXFileReference; fileEncoding = 4; lastKnownFileType = sourcecode.c.h; name = Player.h; path = ../src/Player.h; sourceTree = SOURCE_ROOT; };
		FACCE25E1CDAAB8900327C9F /* Character.cpp */ = {isa = PBXFileReference; fileEncoding = 4; lastKnownFileType = sourcecode.cpp.cpp; name = Character.cpp; path = ../src/Character.cpp; sourceTree = SOURCE_ROOT; };
		FACCE25F1CDAAB8900327C9F /* Character.h */ = {isa = PBXFileReference; fileEncoding = 4; lastKnownFileType = sourcecode.c.h; name = Character.h; path = ../src/Character.h; sourceTree = SOURCE_ROOT; };
		FAFB1BFA1CBC51090012F144 /* Cursor.cpp */ = {isa = PBXFileReference; fileEncoding = 4; lastKnownFileType = sourcecode.cpp.cpp; name = Cursor.cpp; path = ../src/Cursor.cpp; sourceTree = SOURCE_ROOT; };
		FAFB1BFB1CBC51090012F144 /* Cursor.h */ = {isa = PBXFileReference; fileEncoding = 4; lastKnownFileType = sourcecode.c.h; name = Cursor.h; path = ../src/Cursor.h; sourceTree = SOURCE_ROOT; };
		FAFB1BFC1CBC51090012F144 /* Menu.cpp */ = {isa = PBXFileReference; fileEncoding = 4; lastKnownFileType = sourcecode.cpp.cpp; name = Menu.cpp; path = ../src/Menu.cpp; sourceTree = SOURCE_ROOT; };
		FAFB1BFD1CBC51090012F144 /* Menu.h */ = {isa = PBXFileReference; fileEncoding = 4; lastKnownFileType = sourcecode.c.h; name = Menu.h; path = ../src/Menu.h; sourceTree = SOURCE_ROOT; };
		FAFB1BFE1CBC51090012F144 /* PreMenu.cpp */ = {isa = PBXFileReference; fileEncoding = 4; lastKnownFileType = sourcecode.cpp.cpp; name = PreMenu.cpp; path = ../src/PreMenu.cpp; sourceTree = SOURCE_ROOT; };
		FAFB1BFF1CBC51090012F144 /* PreMenu.h */ = {isa = PBXFileReference; fileEncoding = 4; lastKnownFileType = sourcecode.c.h; name = PreMenu.h; path = ../src/PreMenu.h; sourceTree = SOURCE_ROOT; };
		FAFB1C031CBC5E440012F144 /* TGUI.framework */ = {isa = PBXFileReference; lastKnownFileType = wrapper.framework; name = TGUI.framework; path = frameworks/TGUI.framework; sourceTree = "<group>"; };
/* End PBXFileReference section */

/* Begin PBXFrameworksBuildPhase section */
		5FF4FE941BB33EE60079FC4C /* Frameworks */ = {
			isa = PBXFrameworksBuildPhase;
			buildActionMask = 2147483647;
			files = (
				FA0497691C4A2F9000AC7816 /* libz.tbd in Frameworks */,
				5F35EB671BC84F5D00FCF070 /* freetype.framework in Frameworks */,
				5F35EB7D1BC84F5D00FCF070 /* vorbisfile.framework in Frameworks */,
				5F35EB791BC84F5D00FCF070 /* vorbis.framework in Frameworks */,
				5F35EB7B1BC84F5D00FCF070 /* vorbisenc.framework in Frameworks */,
				5F35EB6D1BC84F5D00FCF070 /* sfml-audio.framework in Frameworks */,
				5F35EB651BC84F5D00FCF070 /* FLAC.framework in Frameworks */,
				5F35EB691BC84F5D00FCF070 /* ogg.framework in Frameworks */,
				5F35EB6B1BC84F5D00FCF070 /* OpenAL.framework in Frameworks */,
				5F35EB751BC84F5D00FCF070 /* sfml-window.framework in Frameworks */,
				5F35EB731BC84F5D00FCF070 /* sfml-system.framework in Frameworks */,
				5F35EB6F1BC84F5D00FCF070 /* sfml-graphics.framework in Frameworks */,
				FAFB1C041CBC5E440012F144 /* TGUI.framework in Frameworks */,
				5F35EB771BC84F5D00FCF070 /* SFML.framework in Frameworks */,
				5F35EB711BC84F5D00FCF070 /* sfml-network.framework in Frameworks */,
			);
			runOnlyForDeploymentPostprocessing = 0;
		};
/* End PBXFrameworksBuildPhase section */

/* Begin PBXGroup section */
		5FD0A8261BB354C2003B9327 /* Mac Frameworks */ = {
			isa = PBXGroup;
			children = (
				5F35EB581BC84F5D00FCF070 /* FLAC.framework */,
				5F35EB591BC84F5D00FCF070 /* freetype.framework */,
				5F35EB5A1BC84F5D00FCF070 /* ogg.framework */,
				5F35EB5B1BC84F5D00FCF070 /* OpenAL.framework */,
				5F35EB5C1BC84F5D00FCF070 /* sfml-audio.framework */,
				5F35EB5D1BC84F5D00FCF070 /* sfml-graphics.framework */,
				5F35EB5E1BC84F5D00FCF070 /* sfml-network.framework */,
				5F35EB5F1BC84F5D00FCF070 /* sfml-system.framework */,
				5F35EB601BC84F5D00FCF070 /* sfml-window.framework */,
				5F35EB611BC84F5D00FCF070 /* SFML.framework */,
				5F35EB621BC84F5D00FCF070 /* vorbis.framework */,
				5F35EB631BC84F5D00FCF070 /* vorbisenc.framework */,
				5F35EB641BC84F5D00FCF070 /* vorbisfile.framework */,
			);
			name = "Mac Frameworks";
			path = ..;
			sourceTree = "<group>";
		};
		5FF4FE8E1BB33EE60079FC4C = {
			isa = PBXGroup;
			children = (
				FAFB1C031CBC5E440012F144 /* TGUI.framework */,
				FA0497681C4A2F9000AC7816 /* libz.tbd */,
				5FF4FE9A1BB33EE60079FC4C /* SampleGame */,
				5FF4FE991BB33EE60079FC4C /* Products */,
				FA84AE7A1CE1412800B2ADE7 /* maps */,
				FA84AE731CE13F3400B2ADE7 /* Music */,
				FA84AE741CE13F3400B2ADE7 /* sounds */,
				FA84AE751CE13F3400B2ADE7 /* Texture */,
			);
			sourceTree = "<group>";
		};
		5FF4FE991BB33EE60079FC4C /* Products */ = {
			isa = PBXGroup;
			children = (
				5FF4FE981BB33EE60079FC4C /* Game.app */,
			);
			name = Products;
			sourceTree = "<group>";
		};
		5FF4FE9A1BB33EE60079FC4C /* SampleGame */ = {
			isa = PBXGroup;
			children = (
				FACCE25E1CDAAB8900327C9F /* Character.cpp */,
				FACCE25F1CDAAB8900327C9F /* Character.h */,
				FACCE25B1CDAAA8A00327C9F /* Player.cpp */,
				FAB8D9601CEB131A004466BA /* ClientSystem.cpp */,
				FAB8D9611CEB131A004466BA /* ClientSystem.h */,
				FAB8D9621CEB131A004466BA /* ServerSystem.cpp */,
				FAB8D9631CEB131A004466BA /* ServerSystem.h */,
				FACCE25C1CDAAA8A00327C9F /* Player.h */,
				FA1285181CC599510066AF05 /* Connection.cpp */,
				FA1285211CC78DC70066AF05 /* StartInfo.cpp */,
				FA1285221CC78DC70066AF05 /* StartInfo.h */,
				FACCE24E1CD452EC00327C9F /* GameSystem.h */,
				FACCE24F1CD4866100327C9F /* GameSystem.cpp */,
				FACCE2551CD4A8A700327C9F /* GameNetwork.h */,
				FACCE2561CD4A8FC00327C9F /* GameNetwork.cpp */,
				FACCE2581CD4A94E00327C9F /* GameInterface.h */,
				FACCE2591CD4A97300327C9F /* GameInterface.cpp */,
				FA1285191CC599510066AF05 /* Connection.h */,
				FA12851A1CC599510066AF05 /* Lobby.cpp */,
				FA12851B1CC599510066AF05 /* Lobby.h */,
				FACCE2131CD2B98F00327C9F /* InGame.cpp */,
				FACCE2141CD2B98F00327C9F /* InGame.h */,
				FAFB1BFA1CBC51090012F144 /* Cursor.cpp */,
				FAFB1BFB1CBC51090012F144 /* Cursor.h */,
				FAFB1BFC1CBC51090012F144 /* Menu.cpp */,
				FAFB1BFD1CBC51090012F144 /* Menu.h */,
				FAFB1BFE1CBC51090012F144 /* PreMenu.cpp */,
				FAFB1BFF1CBC51090012F144 /* PreMenu.h */,
				FAAA79991C7E8BA300683E22 /* ResourceManager.h */,
				FAAB85021C56F6EF0028AF0B /* Interface.h */,
				5F35EB531BC84F3800FCF070 /* main.cpp */,
				5F35EB551BC84F4300FCF070 /* ResourcePath.h */,
				5F35EB561BC84F4300FCF070 /* ResourcePathMac.mm */,
				FA4F4FD11C80FF15007C2936 /* Configuration.cpp */,
				FA4F4FD21C80FF15007C2936 /* Configuration.h */,
				FA4F4FD31C80FF15007C2936 /* Game.cpp */,
				FA4F4FD41C80FF15007C2936 /* Game.h */,
				FAFB1BF91CBC50600012F144 /* tmx */,
				5FF4FE9B1BB33EE60079FC4C /* Supporting Files */,
				5FD0A8261BB354C2003B9327 /* Mac Frameworks */,
			);
			name = SampleGame;
			path = Fantastic;
			sourceTree = "<group>";
		};
		5FF4FE9B1BB33EE60079FC4C /* Supporting Files */ = {
			isa = PBXGroup;
			children = (
				FA04976A1C4A309400AC7816 /* maps */,
				FA0497561C4A2F1F00AC7816 /* Texture */,
			);
			name = "Supporting Files";
			sourceTree = "<group>";
		};
		FAFB1BF91CBC50600012F144 /* tmx */ = {
			isa = PBXGroup;
			children = (
				FA04975A1C4A2F5800AC7816 /* DebugShape.cpp */,
				FA04975B1C4A2F5800AC7816 /* MapLayer.cpp */,
				FA04975C1C4A2F5800AC7816 /* MapLoaderPrivate.cpp */,
				FA04975D1C4A2F5800AC7816 /* MapLoaderPublic.cpp */,
				FA04975E1C4A2F5800AC7816 /* MapObject.cpp */,
				FA0497661C4A2F6500AC7816 /* pugixml.cpp */,
				FA04975F1C4A2F5800AC7816 /* QuadTreeNode.cpp */,
			);
			name = tmx;
			sourceTree = SOURCE_ROOT;
		};
/* End PBXGroup section */

/* Begin PBXNativeTarget section */
		5FF4FE971BB33EE60079FC4C /* Fantastic */ = {
			isa = PBXNativeTarget;
			buildConfigurationList = 5FF4FEAD1BB33EE60079FC4C /* Build configuration list for PBXNativeTarget "Fantastic" */;
			buildPhases = (
				5FF4FE931BB33EE60079FC4C /* Sources */,
				5FF4FE941BB33EE60079FC4C /* Frameworks */,
				5FF4FE951BB33EE60079FC4C /* Resources */,
				5FF4FE961BB33EE60079FC4C /* ShellScript */,
				5F35EB7F1BC84F5D00FCF070 /* Embed Frameworks */,
			);
			buildRules = (
			);
			dependencies = (
			);
			name = Fantastic;
			productName = Fantastic;
			productReference = 5FF4FE981BB33EE60079FC4C /* Game.app */;
			productType = "com.apple.product-type.application";
		};
/* End PBXNativeTarget section */

/* Begin PBXProject section */
		5FF4FE8F1BB33EE60079FC4C /* Project object */ = {
			isa = PBXProject;
			attributes = {
				LastUpgradeCheck = 0710;
				ORGANIZATIONNAME = "De Anza College Developers' Guild";
				TargetAttributes = {
					5FF4FE971BB33EE60079FC4C = {
						CreatedOnToolsVersion = 7.0;
					};
				};
			};
			buildConfigurationList = 5FF4FE921BB33EE60079FC4C /* Build configuration list for PBXProject "RPGProject" */;
			compatibilityVersion = "Xcode 3.2";
			developmentRegion = English;
			hasScannedForEncodings = 0;
			knownRegions = (
				en,
			);
			mainGroup = 5FF4FE8E1BB33EE60079FC4C;
			productRefGroup = 5FF4FE991BB33EE60079FC4C /* Products */;
			projectDirPath = "";
			projectRoot = "";
			targets = (
				5FF4FE971BB33EE60079FC4C /* Fantastic */,
			);
		};
/* End PBXProject section */

/* Begin PBXResourcesBuildPhase section */
		5FF4FE951BB33EE60079FC4C /* Resources */ = {
			isa = PBXResourcesBuildPhase;
			buildActionMask = 2147483647;
			files = (
				FA84AE791CE13F3400B2ADE7 /* Texture in Resources */,
				FA84AE781CE13F3400B2ADE7 /* sounds in Resources */,
				FA0497571C4A2F1F00AC7816 /* Texture in Resources */,
				FA84AE7B1CE1412800B2ADE7 /* maps in Resources */,
				FA84AE771CE13F3400B2ADE7 /* Music in Resources */,
				FA04976B1C4A309500AC7816 /* maps in Resources */,
			);
			runOnlyForDeploymentPostprocessing = 0;
		};
/* End PBXResourcesBuildPhase section */

/* Begin PBXShellScriptBuildPhase section */
		5FF4FE961BB33EE60079FC4C /* ShellScript */ = {
			isa = PBXShellScriptBuildPhase;
			buildActionMask = 2147483647;
			files = (
			);
			inputPaths = (
			);
			outputPaths = (
			);
			runOnlyForDeploymentPostprocessing = 0;
			shellPath = /bin/sh;
			shellScript = "# This shell script simply copies required SFML dylibs/frameworks into the application bundle frameworks folder.\n# If you're using static libraries (which is not recommended) you should remove this script from your project.\n\n# SETTINGS\n#CMAKE_INSTALL_FRAMEWORK_PREFIX=\"/Library/Frameworks\"\nCMAKE_INSTALL_FRAMEWORK_PREFIX=\"$SOURCE_ROOT/frameworks\"\nCMAKE_INSTALL_LIB_PREFIX=\"/usr/local/lib\"\nFRAMEWORKS_FULL_PATH=\"$BUILT_PRODUCTS_DIR/$FRAMEWORKS_FOLDER_PATH/\"\n\n# Are we building a project that uses frameworks or dylibs?\ncase \"$SFML_BINARY_TYPE\" in\n    DYLIBS)\n        frameworks=\"false\"\n        ;;\n    *)\n        frameworks=\"true\"\n        ;;\nesac\n\n# Echoes to stderr\nerror () # $* message to display\n{\n    echo $* 1>&2\n    exit 2\n}\n\nassert () # $1 is a boolean, $2...N is an error message\n{\n    if [ $# -lt 2 ]\n    then\n        error \"Internal error in assert: not enough args\"\n    fi\n\n    if [ $1 -ne 0 ]\n    then\n        shift\n        error \"$*\"\n    fi\n}\n\nforce_remove () # $@ is some paths\n{\n    test $# -ge 1\n    assert $? \"force_remove() requires at least one parameter\"\n    rm -fr $@\n    assert $? \"couldn't remove $@\"\n}\n\ncopy () # $1 is a source, $2 is a destination\n{\n    test $# -eq 2\n    assert $? \"copy() requires two parameters\"\n    ditto \"$1\" \"$2\"\n    assert $? \"couldn't copy $1 to $2\"\n}\n\nrequire () # $1 is a SFML module like 'system' or 'audio'\n{\n    dest=\"$BUILT_PRODUCTS_DIR/$FRAMEWORKS_FOLDER_PATH/\"\n\n    if [ -z \"$1\" ]\n    then\n        error \"require() requires one parameter!\"\n    else\n        # clean potentially old stuff\n        force_remove \"$dest/libsfml-$1\"*\n        force_remove \"$dest/sfml-$1.framework\"\n\n        # copy SFML libraries\n        if [ \"$frameworks\" = \"true\" ]\n        then\n            source=\"$CMAKE_INSTALL_FRAMEWORK_PREFIX/sfml-$1.framework\"\n            target=\"sfml-$1.framework\"\n        elif [ \"$SFML_LINK_DYLIBS_SUFFIX\" = \"-d\" ]\n        then\n            source=\"$CMAKE_INSTALL_LIB_PREFIX/libsfml-$1-d.dylib\"\n            target=\"`readlink $source`\"\n        else\n            source=\"$CMAKE_INSTALL_LIB_PREFIX/libsfml-$1.dylib\"\n            target=\"`readlink $source`\"\n        fi\n\n        copy \"$source\" \"$dest/$target\"\n\n        # copy extra dependencies\n        if [ \"$1\" = \"audio\" ]\n        then\n            # copy \"FLAC\" \"ogg\" \"vorbis\" \"vorbisenc\" \"vorbisfile\" \"OpenAL\" frameworks too\n            for f in \"FLAC\" \"ogg\" \"vorbis\" \"vorbisenc\" \"vorbisfile\" \"OpenAL\"\n            do\n                copy \"$CMAKE_INSTALL_FRAMEWORK_PREFIX/$f.framework\" \"$dest/$f.framework\"\n            done\n        elif [ \"$1\" = \"graphics\" ]\n        then\n            copy \"$CMAKE_INSTALL_FRAMEWORK_PREFIX/freetype.framework\" \"$dest/freetype.framework\"\n        fi\n    fi\n}\n\nif [ -n \"$SFML_SYSTEM\" ]\nthen\n    require \"system\"\nfi\n\nif [ -n \"$SFML_AUDIO\" ]\nthen\n    require \"audio\"\nfi\n\nif [ -n \"$SFML_WINDOW\" ]\nthen\n    require \"window\"\nfi\n\nif [ -n \"$SFML_GRAPHICS\" ]\nthen\n    require \"graphics\"\nfi\n\n                ";
		};
/* End PBXShellScriptBuildPhase section */

/* Begin PBXSourcesBuildPhase section */
		5FF4FE931BB33EE60079FC4C /* Sources */ = {
			isa = PBXSourcesBuildPhase;
			buildActionMask = 2147483647;
			files = (
				FA0497671C4A2F6500AC7816 /* pugixml.cpp in Sources */,
				FAFB1C011CBC51090012F144 /* Menu.cpp in Sources */,
				FA12851D1CC599510066AF05 /* Lobby.cpp in Sources */,
				FAFB1C021CBC51090012F144 /* PreMenu.cpp in Sources */,
				FA1285231CC78DC70066AF05 /* StartInfo.cpp in Sources */,
				FACCE2601CDAAB8900327C9F /* Character.cpp in Sources */,
				FAFB1C001CBC51090012F144 /* Cursor.cpp in Sources */,
				5F3A1B3C1BC8519100726EBF /* main.cpp in Sources */,
				5F35EB571BC84F4300FCF070 /* ResourcePathMac.mm in Sources */,
				FAB8D9651CEB131A004466BA /* ServerSystem.cpp in Sources */,
				FACCE2571CD4A8FC00327C9F /* GameNetwork.cpp in Sources */,
				FA12851C1CC599510066AF05 /* Connection.cpp in Sources */,
				FA0497641C4A2F5800AC7816 /* MapObject.cpp in Sources */,
				FA0497611C4A2F5800AC7816 /* MapLayer.cpp in Sources */,
				FACCE2501CD4866100327C9F /* GameSystem.cpp in Sources */,
				FA4F4FD51C80FF15007C2936 /* Configuration.cpp in Sources */,
				FA0497631C4A2F5800AC7816 /* MapLoaderPublic.cpp in Sources */,
				FA0497601C4A2F5800AC7816 /* DebugShape.cpp in Sources */,
				FACCE25D1CDAAA8A00327C9F /* Player.cpp in Sources */,
				FACCE2151CD2B98F00327C9F /* InGame.cpp in Sources */,
				FA0497621C4A2F5800AC7816 /* MapLoaderPrivate.cpp in Sources */,
				FA0497651C4A2F5800AC7816 /* QuadTreeNode.cpp in Sources */,
				FAB8D9641CEB131A004466BA /* ClientSystem.cpp in Sources */,
				FACCE25A1CD4A97300327C9F /* GameInterface.cpp in Sources */,
				FA4F4FD61C80FF15007C2936 /* Game.cpp in Sources */,
			);
			runOnlyForDeploymentPostprocessing = 0;
		};
/* End PBXSourcesBuildPhase section */

/* Begin XCBuildConfiguration section */
		5FF4FEAB1BB33EE60079FC4C /* Debug */ = {
			isa = XCBuildConfiguration;
			buildSettings = {
				CLANG_CXX_LANGUAGE_STANDARD = "c++0x";
				CLANG_CXX_LIBRARY = "libc++";
				CLANG_WARN_BOOL_CONVERSION = YES;
				CLANG_WARN_CONSTANT_CONVERSION = YES;
				CLANG_WARN_EMPTY_BODY = YES;
				CLANG_WARN_ENUM_CONVERSION = YES;
				CLANG_WARN_INT_CONVERSION = YES;
				CLANG_WARN_UNREACHABLE_CODE = YES;
				CLANG_WARN__DUPLICATE_METHOD_MATCH = YES;
				ENABLE_STRICT_OBJC_MSGSEND = YES;
				ENABLE_TESTABILITY = YES;
				FRAMEWORK_SEARCH_PATHS = (
					/Library/Frameworks/,
					"$(inherited)",
				);
				GCC_NO_COMMON_BLOCKS = YES;
				GCC_VERSION = com.apple.compilers.llvm.clang.1_0;
				GCC_WARN_64_TO_32_BIT_CONVERSION = YES;
				GCC_WARN_ABOUT_RETURN_TYPE = YES;
				GCC_WARN_UNDECLARED_SELECTOR = YES;
				GCC_WARN_UNINITIALIZED_AUTOS = YES;
				GCC_WARN_UNUSED_FUNCTION = YES;
				GCC_WARN_UNUSED_VARIABLE = YES;
				HEADER_SEARCH_PATHS = (
					/usr/local/include/,
					"$(inherited)",
					../include,
				);
				LIBRARY_SEARCH_PATHS = (
					/usr/local/lib/,
					"$(inherited)",
				);
				MACOSX_DEPLOYMENT_TARGET = 10.7;
				ONLY_ACTIVE_ARCH = YES;
				OTHER_LDFLAGS = (
					"$(inherited)",
					"$(SFML_SYSTEM)",
					"$(SFML_WINDOW)",
					"$(SFML_GRAPHICS)",
					"$(SFML_AUDIO)",
					"$(SFML_NETWORK)",
				);
				SFML_AUDIO = "$(SFML_LINK_PREFIX) sfml-audio$(SFML_LINK_SUFFIX)";
				SFML_BINARY_TYPE = FRAMEWORKS;
				SFML_GRAPHICS = "$(SFML_LINK_PREFIX) sfml-graphics$(SFML_LINK_SUFFIX)";
				SFML_LINK_DYLIBS_PREFIX = "-l";
				SFML_LINK_DYLIBS_SUFFIX = "";
				SFML_LINK_FRAMEWORKS_PREFIX = "-framework";
				SFML_LINK_FRAMEWORKS_SUFFIX = "";
				SFML_LINK_PREFIX = "$(SFML_LINK_$(SFML_BINARY_TYPE)_PREFIX)";
				SFML_LINK_SUFFIX = "$(SFML_LINK_$(SFML_BINARY_TYPE)_SUFFIX)";
				SFML_NETWORK = "";
				SFML_SYSTEM = "$(SFML_LINK_PREFIX) sfml-system$(SFML_LINK_SUFFIX)";
				SFML_WINDOW = "$(SFML_LINK_PREFIX) sfml-window$(SFML_LINK_SUFFIX)";
				SUPPORTED_PLATFORMS = macosx;
			};
			name = Debug;
		};
		5FF4FEAC1BB33EE60079FC4C /* Release */ = {
			isa = XCBuildConfiguration;
			buildSettings = {
				CLANG_CXX_LANGUAGE_STANDARD = "c++0x";
				CLANG_CXX_LIBRARY = "libc++";
				CLANG_WARN_BOOL_CONVERSION = YES;
				CLANG_WARN_CONSTANT_CONVERSION = YES;
				CLANG_WARN_EMPTY_BODY = YES;
				CLANG_WARN_ENUM_CONVERSION = YES;
				CLANG_WARN_INT_CONVERSION = YES;
				CLANG_WARN_UNREACHABLE_CODE = YES;
				CLANG_WARN__DUPLICATE_METHOD_MATCH = YES;
				ENABLE_STRICT_OBJC_MSGSEND = YES;
				FRAMEWORK_SEARCH_PATHS = (
					/Library/Frameworks/,
					"$(inherited)",
				);
				GCC_NO_COMMON_BLOCKS = YES;
				GCC_VERSION = com.apple.compilers.llvm.clang.1_0;
				GCC_WARN_64_TO_32_BIT_CONVERSION = YES;
				GCC_WARN_ABOUT_RETURN_TYPE = YES;
				GCC_WARN_UNDECLARED_SELECTOR = YES;
				GCC_WARN_UNINITIALIZED_AUTOS = YES;
				GCC_WARN_UNUSED_FUNCTION = YES;
				GCC_WARN_UNUSED_VARIABLE = YES;
				HEADER_SEARCH_PATHS = (
					/usr/local/include/,
					"$(inherited)",
					../include,
				);
				LIBRARY_SEARCH_PATHS = (
					/usr/local/lib/,
					"$(inherited)",
				);
				MACOSX_DEPLOYMENT_TARGET = 10.7;
				OTHER_LDFLAGS = (
					"$(inherited)",
					"$(SFML_SYSTEM)",
					"$(SFML_WINDOW)",
					"$(SFML_GRAPHICS)",
					"$(SFML_AUDIO)",
					"$(SFML_NETWORK)",
				);
				SFML_AUDIO = "$(SFML_LINK_PREFIX) sfml-audio$(SFML_LINK_SUFFIX)";
				SFML_BINARY_TYPE = FRAMEWORKS;
				SFML_GRAPHICS = "$(SFML_LINK_PREFIX) sfml-graphics$(SFML_LINK_SUFFIX)";
				SFML_LINK_DYLIBS_PREFIX = "-l";
				SFML_LINK_DYLIBS_SUFFIX = "";
				SFML_LINK_FRAMEWORKS_PREFIX = "-framework";
				SFML_LINK_FRAMEWORKS_SUFFIX = "";
				SFML_LINK_PREFIX = "$(SFML_LINK_$(SFML_BINARY_TYPE)_PREFIX)";
				SFML_LINK_SUFFIX = "$(SFML_LINK_$(SFML_BINARY_TYPE)_SUFFIX)";
				SFML_NETWORK = "";
				SFML_SYSTEM = "$(SFML_LINK_PREFIX) sfml-system$(SFML_LINK_SUFFIX)";
				SFML_WINDOW = "$(SFML_LINK_PREFIX) sfml-window$(SFML_LINK_SUFFIX)";
				SUPPORTED_PLATFORMS = macosx;
			};
			name = Release;
		};
		5FF4FEAE1BB33EE60079FC4C /* Debug */ = {
			isa = XCBuildConfiguration;
			buildSettings = {
				COMBINE_HIDPI_IMAGES = YES;
				FRAMEWORK_SEARCH_PATHS = (
					/Library/Frameworks/,
					"$(inherited)",
					$SOURCE_ROOT/frameworks,
					"$(PROJECT_DIR)/frameworks",
					"$(PROJECT_DIR)/frameworks",
				);
				GCC_OPTIMIZATION_LEVEL = 0;
				INFOPLIST_FILE = "$(SRCROOT)/../RPGProject-Info.plist";
				LD_RUNPATH_SEARCH_PATHS = "@loader_path/../Frameworks @executable_path/../Frameworks";
				ONLY_ACTIVE_ARCH = YES;
				OTHER_CPLUSPLUSFLAGS = "$(OTHER_CFLAGS)";
				OTHER_LDFLAGS = (
					"$(inherited)",
					"$(SFML_SYSTEM)",
					"$(SFML_WINDOW)",
					"$(SFML_GRAPHICS)",
					"$(SFML_AUDIO)",
					"-framework",
					SFML,
				);
				PRODUCT_BUNDLE_IDENTIFIER = "edu.deanza-developersguild.RPGProject";
				PRODUCT_NAME = Game;
			};
			name = Debug;
		};
		5FF4FEAF1BB33EE60079FC4C /* Release */ = {
			isa = XCBuildConfiguration;
			buildSettings = {
				COMBINE_HIDPI_IMAGES = YES;
				FRAMEWORK_SEARCH_PATHS = (
					/Library/Frameworks/,
					"$(inherited)",
					$SOURCE_ROOT/frameworks,
					"$(PROJECT_DIR)/frameworks",
					"$(PROJECT_DIR)/frameworks",
				);
				GCC_OPTIMIZATION_LEVEL = 0;
				INFOPLIST_FILE = "$(SRCROOT)/RPGProject-Info.plist";
				LD_RUNPATH_SEARCH_PATHS = "@loader_path/../Frameworks @executable_path/../Frameworks";
				ONLY_ACTIVE_ARCH = YES;
				OTHER_CPLUSPLUSFLAGS = "$(OTHER_CFLAGS)";
				OTHER_LDFLAGS = (
					"$(inherited)",
					"$(SFML_SYSTEM)",
					"$(SFML_WINDOW)",
					"$(SFML_GRAPHICS)",
					"$(SFML_AUDIO)",
					"-framework",
					SFML,
				);
				PRODUCT_BUNDLE_IDENTIFIER = "edu.deanza-developersguild.RPGProject";
				PRODUCT_NAME = Game;
			};
			name = Release;
		};
/* End XCBuildConfiguration section */

/* Begin XCConfigurationList section */
		5FF4FE921BB33EE60079FC4C /* Build configuration list for PBXProject "RPGProject" */ = {
			isa = XCConfigurationList;
			buildConfigurations = (
				5FF4FEAB1BB33EE60079FC4C /* Debug */,
				5FF4FEAC1BB33EE60079FC4C /* Release */,
			);
			defaultConfigurationIsVisible = 0;
			defaultConfigurationName = Release;
		};
		5FF4FEAD1BB33EE60079FC4C /* Build configuration list for PBXNativeTarget "Fantastic" */ = {
			isa = XCConfigurationList;
			buildConfigurations = (
				5FF4FEAE1BB33EE60079FC4C /* Debug */,
				5FF4FEAF1BB33EE60079FC4C /* Release */,
			);
			defaultConfigurationIsVisible = 0;
			defaultConfigurationName = Release;
		};
/* End XCConfigurationList section */
	};
	rootObject = 5FF4FE8F1BB33EE60079FC4C /* Project object */;
}
